
Microsoft Visual Studio Solution File, Format Version 12.00
# Visual Studio Version 16
VisualStudioVersion = 16.0.31313.79
MinimumVisualStudioVersion = 10.0.40219.1
Project("{FAE04EC0-301F-11D3-BF4B-00C04F79EFBC}") = "ParralelForTry", "ParralelForTry\ParralelForTry.csproj", "{203B951D-D9ED-4388-B981-F54C3DD26623}"
EndProject
Global
	GlobalSection(SolutionConfigurationPlatforms) = preSolution
		Debug|Any CPU = Debug|Any CPU
		Release|Any CPU = Release|Any CPU
	EndGlobalSection
	GlobalSection(ProjectConfigurationPlatforms) = postSolution
		{203B951D-D9ED-4388-B981-F54C3DD26623}.Debug|Any CPU.ActiveCfg = Debug|Any CPU
		{203B951D-D9ED-4388-B981-F54C3DD26623}.Debug|Any CPU.Build.0 = Debug|Any CPU
		{203B951D-D9ED-4388-B981-F54C3DD26623}.Release|Any CPU.ActiveCfg = Release|Any CPU
		{203B951D-D9ED-4388-B981-F54C3DD26623}.Release|Any CPU.Build.0 = Release|Any CPU
	EndGlobalSection
	GlobalSection(SolutionProperties) = preSolution
		HideSolutionNode = FALSE
	EndGlobalSection
	GlobalSection(ExtensibilityGlobals) = postSolution
		SolutionGuid = {D44E09CA-3699-4908-955B-C5CAB584DCEC}
	EndGlobalSection
EndGlobal
